// !$*UTF8*$!
{
	archiveVersion = 1;
	classes = {
	};
	objectVersion = 46;
	objects = {

/* Begin PBXBuildFile section */
		1A0F74AB1EBF758800D5F788 /* WRApiContainer.swift in Sources */ = {isa = PBXBuildFile; fileRef = 1A0F74A91EBF758800D5F788 /* WRApiContainer.swift */; };
		1A0F74AC1EBF758800D5F788 /* WRNetWrapper.swift in Sources */ = {isa = PBXBuildFile; fileRef = 1A0F74AA1EBF758800D5F788 /* WRNetWrapper.swift */; };
		1A0F74AF1EBF76B000D5F788 /* AppDelegate.swift in Sources */ = {isa = PBXBuildFile; fileRef = 1A0F74AD1EBF76B000D5F788 /* AppDelegate.swift */; };
		1A0F74B01EBF76B000D5F788 /* Global.swift in Sources */ = {isa = PBXBuildFile; fileRef = 1A0F74AE1EBF76B000D5F788 /* Global.swift */; };
		1AB807401EBB6D30007B070B /* ViewController.swift in Sources */ = {isa = PBXBuildFile; fileRef = 1AB8073F1EBB6D30007B070B /* ViewController.swift */; };
		1AB807451EBB6D30007B070B /* Assets.xcassets in Resources */ = {isa = PBXBuildFile; fileRef = 1AB807441EBB6D30007B070B /* Assets.xcassets */; };
		1AB807531EBB6D30007B070B /* WRNetWrapperTests.swift in Sources */ = {isa = PBXBuildFile; fileRef = 1AB807521EBB6D30007B070B /* WRNetWrapperTests.swift */; };
		4D12E4FBEB95B381B835A2AC /* Pods_WRNetWrapper.framework in Frameworks */ = {isa = PBXBuildFile; fileRef = 8A4D47CD9145644EDD47FBE7 /* Pods_WRNetWrapper.framework */; };
/* End PBXBuildFile section */

/* Begin PBXContainerItemProxy section */
		1AB8074F1EBB6D30007B070B /* PBXContainerItemProxy */ = {
			isa = PBXContainerItemProxy;
			containerPortal = 1AB807321EBB6D30007B070B /* Project object */;
			proxyType = 1;
			remoteGlobalIDString = 1AB807391EBB6D30007B070B;
			remoteInfo = WRNetWrapper;
		};
/* End PBXContainerItemProxy section */

/* Begin PBXFileReference section */
		1A0F74A91EBF758800D5F788 /* WRApiContainer.swift */ = {isa = PBXFileReference; fileEncoding = 4; lastKnownFileType = sourcecode.swift; path = WRApiContainer.swift; sourceTree = "<group>"; };
		1A0F74AA1EBF758800D5F788 /* WRNetWrapper.swift */ = {isa = PBXFileReference; fileEncoding = 4; lastKnownFileType = sourcecode.swift; path = WRNetWrapper.swift; sourceTree = "<group>"; };
		1A0F74AD1EBF76B000D5F788 /* AppDelegate.swift */ = {isa = PBXFileReference; fileEncoding = 4; lastKnownFileType = sourcecode.swift; path = AppDelegate.swift; sourceTree = "<group>"; };
		1A0F74AE1EBF76B000D5F788 /* Global.swift */ = {isa = PBXFileReference; fileEncoding = 4; lastKnownFileType = sourcecode.swift; path = Global.swift; sourceTree = "<group>"; };
		1AB8073A1EBB6D30007B070B /* WRNetWrapper.app */ = {isa = PBXFileReference; explicitFileType = wrapper.application; includeInIndex = 0; path = WRNetWrapper.app; sourceTree = BUILT_PRODUCTS_DIR; };
		1AB8073F1EBB6D30007B070B /* ViewController.swift */ = {isa = PBXFileReference; lastKnownFileType = sourcecode.swift; path = ViewController.swift; sourceTree = "<group>"; };
		1AB807441EBB6D30007B070B /* Assets.xcassets */ = {isa = PBXFileReference; lastKnownFileType = folder.assetcatalog; path = Assets.xcassets; sourceTree = "<group>"; };
		1AB807491EBB6D30007B070B /* Info.plist */ = {isa = PBXFileReference; lastKnownFileType = text.plist.xml; path = Info.plist; sourceTree = "<group>"; };
		1AB8074E1EBB6D30007B070B /* WRNetWrapperTests.xctest */ = {isa = PBXFileReference; explicitFileType = wrapper.cfbundle; includeInIndex = 0; path = WRNetWrapperTests.xctest; sourceTree = BUILT_PRODUCTS_DIR; };
		1AB807521EBB6D30007B070B /* WRNetWrapperTests.swift */ = {isa = PBXFileReference; lastKnownFileType = sourcecode.swift; path = WRNetWrapperTests.swift; sourceTree = "<group>"; };
		1AB807541EBB6D30007B070B /* Info.plist */ = {isa = PBXFileReference; lastKnownFileType = text.plist.xml; path = Info.plist; sourceTree = "<group>"; };
		8A4D47CD9145644EDD47FBE7 /* Pods_WRNetWrapper.framework */ = {isa = PBXFileReference; explicitFileType = wrapper.framework; includeInIndex = 0; path = Pods_WRNetWrapper.framework; sourceTree = BUILT_PRODUCTS_DIR; };
		CE616E9B222FA09F2994EA84 /* Pods-WRNetWrapper.release.xcconfig */ = {isa = PBXFileReference; includeInIndex = 1; lastKnownFileType = text.xcconfig; name = "Pods-WRNetWrapper.release.xcconfig"; path = "Pods/Target Support Files/Pods-WRNetWrapper/Pods-WRNetWrapper.release.xcconfig"; sourceTree = "<group>"; };
		DC26A5FF25D541592CCF1562 /* Pods-WRNetWrapper.debug.xcconfig */ = {isa = PBXFileReference; includeInIndex = 1; lastKnownFileType = text.xcconfig; name = "Pods-WRNetWrapper.debug.xcconfig"; path = "Pods/Target Support Files/Pods-WRNetWrapper/Pods-WRNetWrapper.debug.xcconfig"; sourceTree = "<group>"; };
/* End PBXFileReference section */

/* Begin PBXFrameworksBuildPhase section */
		1AB807371EBB6D30007B070B /* Frameworks */ = {
			isa = PBXFrameworksBuildPhase;
			buildActionMask = 2147483647;
			files = (
				4D12E4FBEB95B381B835A2AC /* Pods_WRNetWrapper.framework in Frameworks */,
			);
			runOnlyForDeploymentPostprocessing = 0;
		};
		1AB8074B1EBB6D30007B070B /* Frameworks */ = {
			isa = PBXFrameworksBuildPhase;
			buildActionMask = 2147483647;
			files = (
			);
			runOnlyForDeploymentPostprocessing = 0;
		};
/* End PBXFrameworksBuildPhase section */

/* Begin PBXGroup section */
		1AB807311EBB6D30007B070B = {
			isa = PBXGroup;
			children = (
				1AB8073C1EBB6D30007B070B /* WRNetWrapper */,
				1AB807511EBB6D30007B070B /* WRNetWrapperTests */,
				1AB8073B1EBB6D30007B070B /* Products */,
				5C9E00BB89BCB9C853F0CF13 /* Pods */,
				97E4E603246E730964B1BE5A /* Frameworks */,
			);
			sourceTree = "<group>";
		};
		1AB8073B1EBB6D30007B070B /* Products */ = {
			isa = PBXGroup;
			children = (
				1AB8073A1EBB6D30007B070B /* WRNetWrapper.app */,
				1AB8074E1EBB6D30007B070B /* WRNetWrapperTests.xctest */,
			);
			name = Products;
			sourceTree = "<group>";
		};
		1AB8073C1EBB6D30007B070B /* WRNetWrapper */ = {
			isa = PBXGroup;
			children = (
				1A0F74AD1EBF76B000D5F788 /* AppDelegate.swift */,
				1A0F74AE1EBF76B000D5F788 /* Global.swift */,
				1AB8075D1EBB7183007B070B /* NetWork */,
				1AB8073F1EBB6D30007B070B /* ViewController.swift */,
				1AB807441EBB6D30007B070B /* Assets.xcassets */,
				1AB807491EBB6D30007B070B /* Info.plist */,
			);
			path = WRNetWrapper;
			sourceTree = "<group>";
		};
		1AB807511EBB6D30007B070B /* WRNetWrapperTests */ = {
			isa = PBXGroup;
			children = (
				1AB807521EBB6D30007B070B /* WRNetWrapperTests.swift */,
				1AB807541EBB6D30007B070B /* Info.plist */,
			);
			path = WRNetWrapperTests;
			sourceTree = "<group>";
		};
		1AB8075D1EBB7183007B070B /* NetWork */ = {
			isa = PBXGroup;
			children = (
				1A0F74A91EBF758800D5F788 /* WRApiContainer.swift */,
				1A0F74AA1EBF758800D5F788 /* WRNetWrapper.swift */,
			);
			path = NetWork;
			sourceTree = "<group>";
		};
		5C9E00BB89BCB9C853F0CF13 /* Pods */ = {
			isa = PBXGroup;
			children = (
				DC26A5FF25D541592CCF1562 /* Pods-WRNetWrapper.debug.xcconfig */,
				CE616E9B222FA09F2994EA84 /* Pods-WRNetWrapper.release.xcconfig */,
			);
			name = Pods;
			sourceTree = "<group>";
		};
		97E4E603246E730964B1BE5A /* Frameworks */ = {
			isa = PBXGroup;
			children = (
				8A4D47CD9145644EDD47FBE7 /* Pods_WRNetWrapper.framework */,
			);
			name = Frameworks;
			sourceTree = "<group>";
		};
/* End PBXGroup section */

/* Begin PBXNativeTarget section */
		1AB807391EBB6D30007B070B /* WRNetWrapper */ = {
			isa = PBXNativeTarget;
			buildConfigurationList = 1AB807571EBB6D30007B070B /* Build configuration list for PBXNativeTarget "WRNetWrapper" */;
			buildPhases = (
				04328B961244BEC536764FE5 /* [CP] Check Pods Manifest.lock */,
				1AB807361EBB6D30007B070B /* Sources */,
				1AB807371EBB6D30007B070B /* Frameworks */,
				1AB807381EBB6D30007B070B /* Resources */,
				18FD61690AE3FBBCE0911331 /* [CP] Embed Pods Frameworks */,
				0091E5E6CF72EADF19BECD46 /* [CP] Copy Pods Resources */,
			);
			buildRules = (
			);
			dependencies = (
			);
			name = WRNetWrapper;
			productName = WRNetWrapper;
			productReference = 1AB8073A1EBB6D30007B070B /* WRNetWrapper.app */;
			productType = "com.apple.product-type.application";
		};
		1AB8074D1EBB6D30007B070B /* WRNetWrapperTests */ = {
			isa = PBXNativeTarget;
			buildConfigurationList = 1AB8075A1EBB6D30007B070B /* Build configuration list for PBXNativeTarget "WRNetWrapperTests" */;
			buildPhases = (
				1AB8074A1EBB6D30007B070B /* Sources */,
				1AB8074B1EBB6D30007B070B /* Frameworks */,
				1AB8074C1EBB6D30007B070B /* Resources */,
			);
			buildRules = (
			);
			dependencies = (
				1AB807501EBB6D30007B070B /* PBXTargetDependency */,
			);
			name = WRNetWrapperTests;
			productName = WRNetWrapperTests;
			productReference = 1AB8074E1EBB6D30007B070B /* WRNetWrapperTests.xctest */;
			productType = "com.apple.product-type.bundle.unit-test";
		};
/* End PBXNativeTarget section */

/* Begin PBXProject section */
		1AB807321EBB6D30007B070B /* Project object */ = {
			isa = PBXProject;
			attributes = {
				LastSwiftUpdateCheck = 0810;
				LastUpgradeCheck = 0810;
				ORGANIZATIONNAME = wangrui;
				TargetAttributes = {
					1AB807391EBB6D30007B070B = {
						CreatedOnToolsVersion = 8.1;
						DevelopmentTeam = 652U6LDTX4;
						ProvisioningStyle = Automatic;
					};
					1AB8074D1EBB6D30007B070B = {
						CreatedOnToolsVersion = 8.1;
						DevelopmentTeam = 652U6LDTX4;
						ProvisioningStyle = Automatic;
						TestTargetID = 1AB807391EBB6D30007B070B;
					};
				};
			};
			buildConfigurationList = 1AB807351EBB6D30007B070B /* Build configuration list for PBXProject "WRNetWrapper" */;
			compatibilityVersion = "Xcode 3.2";
			developmentRegion = English;
			hasScannedForEncodings = 0;
			knownRegions = (
				en,
				Base,
			);
			mainGroup = 1AB807311EBB6D30007B070B;
			productRefGroup = 1AB8073B1EBB6D30007B070B /* Products */;
			projectDirPath = "";
			projectRoot = "";
			targets = (
				1AB807391EBB6D30007B070B /* WRNetWrapper */,
				1AB8074D1EBB6D30007B070B /* WRNetWrapperTests */,
			);
		};
/* End PBXProject section */

/* Begin PBXResourcesBuildPhase section */
		1AB807381EBB6D30007B070B /* Resources */ = {
			isa = PBXResourcesBuildPhase;
			buildActionMask = 2147483647;
			files = (
				1AB807451EBB6D30007B070B /* Assets.xcassets in Resources */,
			);
			runOnlyForDeploymentPostprocessing = 0;
		};
		1AB8074C1EBB6D30007B070B /* Resources */ = {
			isa = PBXResourcesBuildPhase;
			buildActionMask = 2147483647;
			files = (
			);
			runOnlyForDeploymentPostprocessing = 0;
		};
/* End PBXResourcesBuildPhase section */

/* Begin PBXShellScriptBuildPhase section */
		0091E5E6CF72EADF19BECD46 /* [CP] Copy Pods Resources */ = {
			isa = PBXShellScriptBuildPhase;
			buildActionMask = 2147483647;
			files = (
			);
			inputPaths = (
			);
			name = "[CP] Copy Pods Resources";
			outputPaths = (
			);
			runOnlyForDeploymentPostprocessing = 0;
			shellPath = /bin/sh;
			shellScript = "\"${SRCROOT}/Pods/Target Support Files/Pods-WRNetWrapper/Pods-WRNetWrapper-resources.sh\"\n";
			showEnvVarsInLog = 0;
		};
		04328B961244BEC536764FE5 /* [CP] Check Pods Manifest.lock */ = {
			isa = PBXShellScriptBuildPhase;
			buildActionMask = 2147483647;
			files = (
			);
			inputPaths = (
			);
			name = "[CP] Check Pods Manifest.lock";
			outputPaths = (
			);
			runOnlyForDeploymentPostprocessing = 0;
			shellPath = /bin/sh;
			shellScript = "diff \"${PODS_PODFILE_DIR_PATH}/Podfile.lock\" \"${PODS_ROOT}/Manifest.lock\" > /dev/null\nif [ $? != 0 ] ; then\n    # print error to STDERR\n    echo \"error: The sandbox is not in sync with the Podfile.lock. Run 'pod install' or update your CocoaPods installation.\" >&2\n    exit 1\nfi\n";
			showEnvVarsInLog = 0;
		};
		18FD61690AE3FBBCE0911331 /* [CP] Embed Pods Frameworks */ = {
			isa = PBXShellScriptBuildPhase;
			buildActionMask = 2147483647;
			files = (
			);
			inputPaths = (
			);
			name = "[CP] Embed Pods Frameworks";
			outputPaths = (
			);
			runOnlyForDeploymentPostprocessing = 0;
			shellPath = /bin/sh;
			shellScript = "\"${SRCROOT}/Pods/Target Support Files/Pods-WRNetWrapper/Pods-WRNetWrapper-frameworks.sh\"\n";
			showEnvVarsInLog = 0;
		};
/* End PBXShellScriptBuildPhase section */

/* Begin PBXSourcesBuildPhase section */
		1AB807361EBB6D30007B070B /* Sources */ = {
			isa = PBXSourcesBuildPhase;
			buildActionMask = 2147483647;
			files = (
				1A0F74AF1EBF76B000D5F788 /* AppDelegate.swift in Sources */,
				1AB807401EBB6D30007B070B /* ViewController.swift in Sources */,
				1A0F74AC1EBF758800D5F788 /* WRNetWrapper.swift in Sources */,
				1A0F74B01EBF76B000D5F788 /* Global.swift in Sources */,
				1A0F74AB1EBF758800D5F788 /* WRApiContainer.swift in Sources */,
			);
			runOnlyForDeploymentPostprocessing = 0;
		};
		1AB8074A1EBB6D30007B070B /* Sources */ = {
			isa = PBXSourcesBuildPhase;
			buildActionMask = 2147483647;
			files = (
				1AB807531EBB6D30007B070B /* WRNetWrapperTests.swift in Sources */,
			);
			runOnlyForDeploymentPostprocessing = 0;
		};
/* End PBXSourcesBuildPhase section */

/* Begin PBXTargetDependency section */
		1AB807501EBB6D30007B070B /* PBXTargetDependency */ = {
			isa = PBXTargetDependency;
			target = 1AB807391EBB6D30007B070B /* WRNetWrapper */;
			targetProxy = 1AB8074F1EBB6D30007B070B /* PBXContainerItemProxy */;
		};
/* End PBXTargetDependency section */

/* Begin XCBuildConfiguration section */
		1AB807551EBB6D30007B070B /* Debug */ = {
			isa = XCBuildConfiguration;
			buildSettings = {
				ALWAYS_SEARCH_USER_PATHS = NO;
				CLANG_ANALYZER_NONNULL = YES;
				CLANG_CXX_LANGUAGE_STANDARD = "gnu++0x";
				CLANG_CXX_LIBRARY = "libc++";
				CLANG_ENABLE_MODULES = YES;
				CLANG_ENABLE_OBJC_ARC = YES;
				CLANG_WARN_BOOL_CONVERSION = YES;
				CLANG_WARN_CONSTANT_CONVERSION = YES;
				CLANG_WARN_DIRECT_OBJC_ISA_USAGE = YES_ERROR;
				CLANG_WARN_DOCUMENTATION_COMMENTS = YES;
				CLANG_WARN_EMPTY_BODY = YES;
				CLANG_WARN_ENUM_CONVERSION = YES;
				CLANG_WARN_INFINITE_RECURSION = YES;
				CLANG_WARN_INT_CONVERSION = YES;
				CLANG_WARN_OBJC_ROOT_CLASS = YES_ERROR;
				CLANG_WARN_SUSPICIOUS_MOVES = YES;
				CLANG_WARN_UNREACHABLE_CODE = YES;
				CLANG_WARN__DUPLICATE_METHOD_MATCH = YES;
				"CODE_SIGN_IDENTITY[sdk=iphoneos*]" = "iPhone Developer";
				COPY_PHASE_STRIP = NO;
				DEBUG_INFORMATION_FORMAT = dwarf;
				ENABLE_STRICT_OBJC_MSGSEND = YES;
				ENABLE_TESTABILITY = YES;
				GCC_C_LANGUAGE_STANDARD = gnu99;
				GCC_DYNAMIC_NO_PIC = NO;
				GCC_NO_COMMON_BLOCKS = YES;
				GCC_OPTIMIZATION_LEVEL = 0;
				GCC_PREPROCESSOR_DEFINITIONS = (
					"DEBUG=1",
					"$(inherited)",
				);
				GCC_WARN_64_TO_32_BIT_CONVERSION = YES;
				GCC_WARN_ABOUT_RETURN_TYPE = YES_ERROR;
				GCC_WARN_UNDECLARED_SELECTOR = YES;
				GCC_WARN_UNINITIALIZED_AUTOS = YES_AGGRESSIVE;
				GCC_WARN_UNUSED_FUNCTION = YES;
				GCC_WARN_UNUSED_VARIABLE = YES;
				IPHONEOS_DEPLOYMENT_TARGET = 10.1;
				MTL_ENABLE_DEBUG_INFO = YES;
				ONLY_ACTIVE_ARCH = YES;
				SDKROOT = iphoneos;
				SWIFT_ACTIVE_COMPILATION_CONDITIONS = DEBUG;
				SWIFT_OPTIMIZATION_LEVEL = "-Onone";
				TARGETED_DEVICE_FAMILY = "1,2";
			};
			name = Debug;
		};
		1AB807561EBB6D30007B070B /* Release */ = {
			isa = XCBuildConfiguration;
			buildSettings = {
				ALWAYS_SEARCH_USER_PATHS = NO;
				CLANG_ANALYZER_NONNULL = YES;
				CLANG_CXX_LANGUAGE_STANDARD = "gnu++0x";
				CLANG_CXX_LIBRARY = "libc++";
				CLANG_ENABLE_MODULES = YES;
				CLANG_ENABLE_OBJC_ARC = YES;
				CLANG_WARN_BOOL_CONVERSION = YES;
				CLANG_WARN_CONSTANT_CONVERSION = YES;
				CLANG_WARN_DIRECT_OBJC_ISA_USAGE = YES_ERROR;
				CLANG_WARN_DOCUMENTATION_COMMENTS = YES;
				CLANG_WARN_EMPTY_BODY = YES;
				CLANG_WARN_ENUM_CONVERSION = YES;
				CLANG_WARN_INFINITE_RECURSION = YES;
				CLANG_WARN_INT_CONVERSION = YES;
				CLANG_WARN_OBJC_ROOT_CLASS = YES_ERROR;
				CLANG_WARN_SUSPICIOUS_MOVES = YES;
				CLANG_WARN_UNREACHABLE_CODE = YES;
				CLANG_WARN__DUPLICATE_METHOD_MATCH = YES;
				"CODE_SIGN_IDENTITY[sdk=iphoneos*]" = "iPhone Developer";
				COPY_PHASE_STRIP = NO;
				DEBUG_INFORMATION_FORMAT = "dwarf-with-dsym";
				ENABLE_NS_ASSERTIONS = NO;
				ENABLE_STRICT_OBJC_MSGSEND = YES;
				GCC_C_LANGUAGE_STANDARD = gnu99;
				GCC_NO_COMMON_BLOCKS = YES;
				GCC_WARN_64_TO_32_BIT_CONVERSION = YES;
				GCC_WARN_ABOUT_RETURN_TYPE = YES_ERROR;
				GCC_WARN_UNDECLARED_SELECTOR = YES;
				GCC_WARN_UNINITIALIZED_AUTOS = YES_AGGRESSIVE;
				GCC_WARN_UNUSED_FUNCTION = YES;
				GCC_WARN_UNUSED_VARIABLE = YES;
				IPHONEOS_DEPLOYMENT_TARGET = 10.1;
				MTL_ENABLE_DEBUG_INFO = NO;
				SDKROOT = iphoneos;
				SWIFT_OPTIMIZATION_LEVEL = "-Owholemodule";
				TARGETED_DEVICE_FAMILY = "1,2";
				VALIDATE_PRODUCT = YES;
			};
			name = Release;
		};
		1AB807581EBB6D30007B070B /* Debug */ = {
			isa = XCBuildConfiguration;
			baseConfigurationReference = DC26A5FF25D541592CCF1562 /* Pods-WRNetWrapper.debug.xcconfig */;
			buildSettings = {
				ASSETCATALOG_COMPILER_APPICON_NAME = AppIcon;
				ASSETCATALOG_COMPILER_LAUNCHIMAGE_NAME = LaunchImage;
				DEVELOPMENT_TEAM = 652U6LDTX4;
				INFOPLIST_FILE = WRNetWrapper/Info.plist;
				LD_RUNPATH_SEARCH_PATHS = "$(inherited) @executable_path/Frameworks";
				PRODUCT_BUNDLE_IDENTIFIER = video.wangrui.com.WRNetWrapper;
				PRODUCT_NAME = "$(TARGET_NAME)";
				SWIFT_VERSION = 3.0;
			};
			name = Debug;
		};
		1AB807591EBB6D30007B070B /* Release */ = {
			isa = XCBuildConfiguration;
			baseConfigurationReference = CE616E9B222FA09F2994EA84 /* Pods-WRNetWrapper.release.xcconfig */;
			buildSettings = {
				ASSETCATALOG_COMPILER_APPICON_NAME = AppIcon;
				ASSETCATALOG_COMPILER_LAUNCHIMAGE_NAME = LaunchImage;
				DEVELOPMENT_TEAM = 652U6LDTX4;
				INFOPLIST_FILE = WRNetWrapper/Info.plist;
				LD_RUNPATH_SEARCH_PATHS = "$(inherited) @executable_path/Frameworks";
				PRODUCT_BUNDLE_IDENTIFIER = video.wangrui.com.WRNetWrapper;
				PRODUCT_NAME = "$(TARGET_NAME)";
				SWIFT_VERSION = 3.0;
			};
			name = Release;
		};
		1AB8075B1EBB6D30007B070B /* Debug */ = {
			isa = XCBuildConfiguration;
			buildSettings = {
				ALWAYS_EMBED_SWIFT_STANDARD_LIBRARIES = YES;
				BUNDLE_LOADER = "$(TEST_HOST)";
				DEVELOPMENT_TEAM = 652U6LDTX4;
				INFOPLIST_FILE = WRNetWrapperTests/Info.plist;
				LD_RUNPATH_SEARCH_PATHS = "$(inherited) @executable_path/Frameworks @loader_path/Frameworks";
				PRODUCT_BUNDLE_IDENTIFIER = video.wangrui.com.WRNetWrapperTests;
				PRODUCT_NAME = "$(TARGET_NAME)";
				SWIFT_VERSION = 3.0;
				TEST_HOST = "$(BUILT_PRODUCTS_DIR)/WRNetWrapper.app/WRNetWrapper";
			};
			name = Debug;
		};
		1AB8075C1EBB6D30007B070B /* Release */ = {
			isa = XCBuildConfiguration;
			buildSettings = {
				ALWAYS_EMBED_SWIFT_STANDARD_LIBRARIES = YES;
				BUNDLE_LOADER = "$(TEST_HOST)";
				DEVELOPMENT_TEAM = 652U6LDTX4;
				INFOPLIST_FILE = WRNetWrapperTests/Info.plist;
				LD_RUNPATH_SEARCH_PATHS = "$(inherited) @executable_path/Frameworks @loader_path/Frameworks";
				PRODUCT_BUNDLE_IDENTIFIER = video.wangrui.com.WRNetWrapperTests;
				PRODUCT_NAME = "$(TARGET_NAME)";
				SWIFT_VERSION = 3.0;
				TEST_HOST = "$(BUILT_PRODUCTS_DIR)/WRNetWrapper.app/WRNetWrapper";
			};
			name = Release;
		};
/* End XCBuildConfiguration section */

/* Begin XCConfigurationList section */
		1AB807351EBB6D30007B070B /* Build configuration list for PBXProject "WRNetWrapper" */ = {
			isa = XCConfigurationList;
			buildConfigurations = (
				1AB807551EBB6D30007B070B /* Debug */,
				1AB807561EBB6D30007B070B /* Release */,
			);
			defaultConfigurationIsVisible = 0;
			defaultConfigurationName = Release;
		};
		1AB807571EBB6D30007B070B /* Build configuration list for PBXNativeTarget "WRNetWrapper" */ = {
			isa = XCConfigurationList;
			buildConfigurations = (
				1AB807581EBB6D30007B070B /* Debug */,
				1AB807591EBB6D30007B070B /* Release */,
			);
			defaultConfigurationIsVisible = 0;
			defaultConfigurationName = Release;
		};
		1AB8075A1EBB6D30007B070B /* Build configuration list for PBXNativeTarget "WRNetWrapperTests" */ = {
			isa = XCConfigurationList;
			buildConfigurations = (
				1AB8075B1EBB6D30007B070B /* Debug */,
				1AB8075C1EBB6D30007B070B /* Release */,
			);
			defaultConfigurationIsVisible = 0;
			defaultConfigurationName = Release;
		};
/* End XCConfigurationList section */
	};
	rootObject = 1AB807321EBB6D30007B070B /* Project object */;
}
