PODS:
  - Alamofire (4.4.0)
  - Kingfisher (3.6.2)
  - SwiftyJSON (3.1.4)

DEPENDENCIES:
  - Alamofire (~> 4.4)
  - Kingfisher
  - SwiftyJSON

SPEC CHECKSUMS:
  Alamofire: dc44b1600b800eb63da6a19039a0083d62a6a62d
  Kingfisher: 2c94e72c6830622c71d06adf4ea024c37d316830
  SwiftyJSON: c2842d878f95482ffceec5709abc3d05680c0220

PODFILE CHECKSUM: fe63c9b0f1479123262d1a3f1dff65451f090154

COCOAPODS: 1.2.1
